PODS:
  - ApplyStyleKit (0.3.1)
  - EGDeclarativeUIKit (0.1.0):
    - EGDeclarativeUIKit/Core (= 0.1.0)
  - EGDeclarativeUIKit/ApplyStyleKit (0.1.0):
    - ApplyStyleKit
  - EGDeclarativeUIKit/Combine (0.1.0)
  - EGDeclarativeUIKit/Core (0.1.0)
  - EGDeclarativeUIKit/Rx (0.1.0):
    - RxCocoa
    - RxSwift
  - EGDeclarativeUIKit/SnapKit (0.1.0):
    - SnapKit
  - RxCocoa (6.5.0):
    - RxRelay (= 6.5.0)
    - RxSwift (= 6.5.0)
  - RxRelay (6.5.0):
    - RxSwift (= 6.5.0)
  - RxSwift (6.5.0)
  - SnapKit (5.6.0)

DEPENDENCIES:
  - EGDeclarativeUIKit (from `../`)
  - EGDeclarativeUIKit/ApplyStyleKit (from `../`)
  - EGDeclarativeUIKit/Combine (from `../`)
  - EGDeclarativeUIKit/Rx (from `../`)
  - EGDeclarativeUIKit/SnapKit (from `../`)
  - SnapKit

SPEC REPOS:
  trunk:
    - ApplyStyleKit
    - RxCocoa
    - RxRelay
    - RxSwift
    - SnapKit

EXTERNAL SOURCES:
  EGDeclarativeUIKit:
    :path: "../"

SPEC CHECKSUMS:
  ApplyStyleKit: 0343b87f29764f0b8f80fb49d00361642da12ee6
  EGDeclarativeUIKit: d99268a971394e52eaf3a658d311445160941db0
  RxCocoa: 94f817b71c07517321eb4f9ad299112ca8af743b
  RxRelay: 1de1523e604c72b6c68feadedd1af3b1b4d0ecbd
  RxSwift: 5710a9e6b17f3c3d6e40d6e559b9fa1e813b2ef8
  SnapKit: e01d52ebb8ddbc333eefe2132acf85c8227d9c25

PODFILE CHECKSUM: 9ac5c38ec7a56c5ad2e324977088692b8027ec44

COCOAPODS: 1.11.2
